
Microsoft Visual Studio Solution File, Format Version 12.00
Project("{FAE04EC0-301F-11D3-BF4B-00C04F79EFBC}") = "Tus.Net.Client", "Tus.Net.Client\Tus.Net.Client.csproj", "{7BDAC5E5-7F64-4090-B2C2-7DE54D7D0E20}"
EndProject
Global
	GlobalSection(SolutionConfigurationPlatforms) = preSolution
		Debug|Any CPU = Debug|Any CPU
		Release|Any CPU = Release|Any CPU
	EndGlobalSection
	GlobalSection(ProjectConfigurationPlatforms) = postSolution
		{7BDAC5E5-7F64-4090-B2C2-7DE54D7D0E20}.Debug|Any CPU.ActiveCfg = Debug|Any CPU
		{7BDAC5E5-7F64-4090-B2C2-7DE54D7D0E20}.Debug|Any CPU.Build.0 = Debug|Any CPU
		{7BDAC5E5-7F64-4090-B2C2-7DE54D7D0E20}.Release|Any CPU.ActiveCfg = Release|Any CPU
		{7BDAC5E5-7F64-4090-B2C2-7DE54D7D0E20}.Release|Any CPU.Build.0 = Release|Any CPU
	EndGlobalSection
EndGlobal
